
Microsoft Visual Studio Solution File, Format Version 12.00
# Visual Studio Version 17
VisualStudioVersion = 17.11.35303.130
MinimumVisualStudioVersion = 10.0.40219.1
Project("{8BC9CEB8-8B4A-11D0-8D11-00A0C91BC942}") = "LB7.1rek", "LB7.1rek\LB7.1rek.vcxproj", "{66A556D4-AA4C-4FB6-9E2A-2CB58E92D639}"
EndProject
Project("{8BC9CEB8-8B4A-11D0-8D11-00A0C91BC942}") = "UnitTest7.1rek", "UnitTest7.1rek\UnitTest7.1rek.vcxproj", "{A414C874-A511-4C77-9428-595BF7339278}"
EndProject
Global
	GlobalSection(SolutionConfigurationPlatforms) = preSolution
		Debug|x64 = Debug|x64
		Debug|x86 = Debug|x86
		Release|x64 = Release|x64
		Release|x86 = Release|x86
	EndGlobalSection
	GlobalSection(ProjectConfigurationPlatforms) = postSolution
		{66A556D4-AA4C-4FB6-9E2A-2CB58E92D639}.Debug|x64.ActiveCfg = Debug|x64
		{66A556D4-AA4C-4FB6-9E2A-2CB58E92D639}.Debug|x64.Build.0 = Debug|x64
		{66A556D4-AA4C-4FB6-9E2A-2CB58E92D639}.Debug|x86.ActiveCfg = Debug|Win32
		{66A556D4-AA4C-4FB6-9E2A-2CB58E92D639}.Debug|x86.Build.0 = Debug|Win32
		{66A556D4-AA4C-4FB6-9E2A-2CB58E92D639}.Release|x64.ActiveCfg = Release|x64
		{66A556D4-AA4C-4FB6-9E2A-2CB58E92D639}.Release|x64.Build.0 = Release|x64
		{66A556D4-AA4C-4FB6-9E2A-2CB58E92D639}.Release|x86.ActiveCfg = Release|Win32
		{66A556D4-AA4C-4FB6-9E2A-2CB58E92D639}.Release|x86.Build.0 = Release|Win32
		{A414C874-A511-4C77-9428-595BF7339278}.Debug|x64.ActiveCfg = Debug|x64
		{A414C874-A511-4C77-9428-595BF7339278}.Debug|x64.Build.0 = Debug|x64
		{A414C874-A511-4C77-9428-595BF7339278}.Debug|x86.ActiveCfg = Debug|Win32
		{A414C874-A511-4C77-9428-595BF7339278}.Debug|x86.Build.0 = Debug|Win32
		{A414C874-A511-4C77-9428-595BF7339278}.Release|x64.ActiveCfg = Release|x64
		{A414C874-A511-4C77-9428-595BF7339278}.Release|x64.Build.0 = Release|x64
		{A414C874-A511-4C77-9428-595BF7339278}.Release|x86.ActiveCfg = Release|Win32
		{A414C874-A511-4C77-9428-595BF7339278}.Release|x86.Build.0 = Release|Win32
	EndGlobalSection
	GlobalSection(SolutionProperties) = preSolution
		HideSolutionNode = FALSE
	EndGlobalSection
	GlobalSection(ExtensibilityGlobals) = postSolution
		SolutionGuid = {C569A48A-7A2A-4F76-8BE1-0A586C832DCD}
	EndGlobalSection
EndGlobal
